// !$*UTF8*$!
{
	archiveVersion = 1;
	classes = {
	};
	objectVersion = 46;
	objects = {

/* Begin PBXBuildFile section */
		B01E96331C86318A00EF38BC /* AppDelegate.swift in Sources */ = {isa = PBXBuildFile; fileRef = B01E96321C86318A00EF38BC /* AppDelegate.swift */; };
		B01E96351C86318A00EF38BC /* GameScene.sks in Resources */ = {isa = PBXBuildFile; fileRef = B01E96341C86318A00EF38BC /* GameScene.sks */; };
		B01E96371C86318A00EF38BC /* GameScene.swift in Sources */ = {isa = PBXBuildFile; fileRef = B01E96361C86318A00EF38BC /* GameScene.swift */; };
		B01E96391C86318A00EF38BC /* GameViewController.swift in Sources */ = {isa = PBXBuildFile; fileRef = B01E96381C86318A00EF38BC /* GameViewController.swift */; };
		B01E963C1C86318A00EF38BC /* Main.storyboard in Resources */ = {isa = PBXBuildFile; fileRef = B01E963A1C86318A00EF38BC /* Main.storyboard */; };
		B01E963E1C86318A00EF38BC /* Assets.xcassets in Resources */ = {isa = PBXBuildFile; fileRef = B01E963D1C86318A00EF38BC /* Assets.xcassets */; };
		B01E96411C86318A00EF38BC /* LaunchScreen.storyboard in Resources */ = {isa = PBXBuildFile; fileRef = B01E963F1C86318A00EF38BC /* LaunchScreen.storyboard */; };
		B01E96551C8631CC00EF38BC /* ball.png in Resources */ = {isa = PBXBuildFile; fileRef = B01E96491C8631CC00EF38BC /* ball.png */; };
		B01E96561C8631CC00EF38BC /* ball@2x.png in Resources */ = {isa = PBXBuildFile; fileRef = B01E964A1C8631CC00EF38BC /* ball@2x.png */; };
		B01E96571C8631CC00EF38BC /* bigSpark.png in Resources */ = {isa = PBXBuildFile; fileRef = B01E964B1C8631CC00EF38BC /* bigSpark.png */; };
		B01E96581C8631CC00EF38BC /* explosion.sks in Resources */ = {isa = PBXBuildFile; fileRef = B01E964C1C8631CC00EF38BC /* explosion.sks */; };
		B01E96591C8631CC00EF38BC /* hammer.png in Resources */ = {isa = PBXBuildFile; fileRef = B01E964D1C8631CC00EF38BC /* hammer.png */; };
		B01E965A1C8631CC00EF38BC /* hammer@2x.png in Resources */ = {isa = PBXBuildFile; fileRef = B01E964E1C8631CC00EF38BC /* hammer@2x.png */; };
		B01E965B1C8631CC00EF38BC /* player.png in Resources */ = {isa = PBXBuildFile; fileRef = B01E964F1C8631CC00EF38BC /* player.png */; };
		B01E965C1C8631CC00EF38BC /* player@2x.png in Resources */ = {isa = PBXBuildFile; fileRef = B01E96501C8631CC00EF38BC /* player@2x.png */; };
		B01E965D1C8631CC00EF38BC /* spark.png in Resources */ = {isa = PBXBuildFile; fileRef = B01E96511C8631CC00EF38BC /* spark.png */; };
		B01E965E1C8631CC00EF38BC /* Starfield.sks in Resources */ = {isa = PBXBuildFile; fileRef = B01E96521C8631CC00EF38BC /* Starfield.sks */; };
		B01E965F1C8631CC00EF38BC /* tv.png in Resources */ = {isa = PBXBuildFile; fileRef = B01E96531C8631CC00EF38BC /* tv.png */; };
		B01E96601C8631CC00EF38BC /* tv@2x.png in Resources */ = {isa = PBXBuildFile; fileRef = B01E96541C8631CC00EF38BC /* tv@2x.png */; };
/* End PBXBuildFile section */

/* Begin PBXFileReference section */
		B01E962F1C86318A00EF38BC /* Project 23.app */ = {isa = PBXFileReference; explicitFileType = wrapper.application; includeInIndex = 0; path = "Project 23.app"; sourceTree = BUILT_PRODUCTS_DIR; };
		B01E96321C86318A00EF38BC /* AppDelegate.swift */ = {isa = PBXFileReference; lastKnownFileType = sourcecode.swift; path = AppDelegate.swift; sourceTree = "<group>"; };
		B01E96341C86318A00EF38BC /* GameScene.sks */ = {isa = PBXFileReference; lastKnownFileType = file.sks; path = GameScene.sks; sourceTree = "<group>"; };
		B01E96361C86318A00EF38BC /* GameScene.swift */ = {isa = PBXFileReference; lastKnownFileType = sourcecode.swift; path = GameScene.swift; sourceTree = "<group>"; };
		B01E96381C86318A00EF38BC /* GameViewController.swift */ = {isa = PBXFileReference; lastKnownFileType = sourcecode.swift; path = GameViewController.swift; sourceTree = "<group>"; };
		B01E963B1C86318A00EF38BC /* Base */ = {isa = PBXFileReference; lastKnownFileType = file.storyboard; name = Base; path = Base.lproj/Main.storyboard; sourceTree = "<group>"; };
		B01E963D1C86318A00EF38BC /* Assets.xcassets */ = {isa = PBXFileReference; lastKnownFileType = folder.assetcatalog; path = Assets.xcassets; sourceTree = "<group>"; };
		B01E96401C86318A00EF38BC /* Base */ = {isa = PBXFileReference; lastKnownFileType = file.storyboard; name = Base; path = Base.lproj/LaunchScreen.storyboard; sourceTree = "<group>"; };
		B01E96421C86318A00EF38BC /* Info.plist */ = {isa = PBXFileReference; lastKnownFileType = text.plist.xml; path = Info.plist; sourceTree = "<group>"; };
		B01E96491C8631CC00EF38BC /* ball.png */ = {isa = PBXFileReference; lastKnownFileType = image.png; path = ball.png; sourceTree = "<group>"; };
		B01E964A1C8631CC00EF38BC /* ball@2x.png */ = {isa = PBXFileReference; lastKnownFileType = image.png; path = "ball@2x.png"; sourceTree = "<group>"; };
		B01E964B1C8631CC00EF38BC /* bigSpark.png */ = {isa = PBXFileReference; lastKnownFileType = image.png; path = bigSpark.png; sourceTree = "<group>"; };
		B01E964C1C8631CC00EF38BC /* explosion.sks */ = {isa = PBXFileReference; lastKnownFileType = file.sks; path = explosion.sks; sourceTree = "<group>"; };
		B01E964D1C8631CC00EF38BC /* hammer.png */ = {isa = PBXFileReference; lastKnownFileType = image.png; path = hammer.png; sourceTree = "<group>"; };
		B01E964E1C8631CC00EF38BC /* hammer@2x.png */ = {isa = PBXFileReference; lastKnownFileType = image.png; path = "hammer@2x.png"; sourceTree = "<group>"; };
		B01E964F1C8631CC00EF38BC /* player.png */ = {isa = PBXFileReference; lastKnownFileType = image.png; path = player.png; sourceTree = "<group>"; };
		B01E96501C8631CC00EF38BC /* player@2x.png */ = {isa = PBXFileReference; lastKnownFileType = image.png; path = "player@2x.png"; sourceTree = "<group>"; };
		B01E96511C8631CC00EF38BC /* spark.png */ = {isa = PBXFileReference; lastKnownFileType = image.png; path = spark.png; sourceTree = "<group>"; };
		B01E96521C8631CC00EF38BC /* Starfield.sks */ = {isa = PBXFileReference; lastKnownFileType = file.sks; path = Starfield.sks; sourceTree = "<group>"; };
		B01E96531C8631CC00EF38BC /* tv.png */ = {isa = PBXFileReference; lastKnownFileType = image.png; path = tv.png; sourceTree = "<group>"; };
		B01E96541C8631CC00EF38BC /* tv@2x.png */ = {isa = PBXFileReference; lastKnownFileType = image.png; path = "tv@2x.png"; sourceTree = "<group>"; };
/* End PBXFileReference section */

/* Begin PBXFrameworksBuildPhase section */
		B01E962C1C86318A00EF38BC /* Frameworks */ = {
			isa = PBXFrameworksBuildPhase;
			buildActionMask = 2147483647;
			files = (
			);
			runOnlyForDeploymentPostprocessing = 0;
		};
/* End PBXFrameworksBuildPhase section */

/* Begin PBXGroup section */
		B01E96261C86318900EF38BC = {
			isa = PBXGroup;
			children = (
				B01E96311C86318A00EF38BC /* Project 23 */,
				B01E96301C86318A00EF38BC /* Products */,
			);
			sourceTree = "<group>";
		};
		B01E96301C86318A00EF38BC /* Products */ = {
			isa = PBXGroup;
			children = (
				B01E962F1C86318A00EF38BC /* Project 23.app */,
			);
			name = Products;
			sourceTree = "<group>";
		};
		B01E96311C86318A00EF38BC /* Project 23 */ = {
			isa = PBXGroup;
			children = (
				B01E96321C86318A00EF38BC /* AppDelegate.swift */,
				B01E96341C86318A00EF38BC /* GameScene.sks */,
				B01E96361C86318A00EF38BC /* GameScene.swift */,
				B01E96381C86318A00EF38BC /* GameViewController.swift */,
				B01E963A1C86318A00EF38BC /* Main.storyboard */,
				B01E96481C8631CC00EF38BC /* Content */,
				B01E963D1C86318A00EF38BC /* Assets.xcassets */,
				B01E963F1C86318A00EF38BC /* LaunchScreen.storyboard */,
				B01E96421C86318A00EF38BC /* Info.plist */,
			);
			path = "Project 23";
			sourceTree = "<group>";
		};
		B01E96481C8631CC00EF38BC /* Content */ = {
			isa = PBXGroup;
			children = (
				B01E96491C8631CC00EF38BC /* ball.png */,
				B01E964A1C8631CC00EF38BC /* ball@2x.png */,
				B01E964B1C8631CC00EF38BC /* bigSpark.png */,
				B01E964C1C8631CC00EF38BC /* explosion.sks */,
				B01E964D1C8631CC00EF38BC /* hammer.png */,
				B01E964E1C8631CC00EF38BC /* hammer@2x.png */,
				B01E964F1C8631CC00EF38BC /* player.png */,
				B01E96501C8631CC00EF38BC /* player@2x.png */,
				B01E96511C8631CC00EF38BC /* spark.png */,
				B01E96521C8631CC00EF38BC /* Starfield.sks */,
				B01E96531C8631CC00EF38BC /* tv.png */,
				B01E96541C8631CC00EF38BC /* tv@2x.png */,
			);
			path = Content;
			sourceTree = "<group>";
		};
/* End PBXGroup section */

/* Begin PBXNativeTarget section */
		B01E962E1C86318A00EF38BC /* Project 23 */ = {
			isa = PBXNativeTarget;
			buildConfigurationList = B01E96451C86318A00EF38BC /* Build configuration list for PBXNativeTarget "Project 23" */;
			buildPhases = (
				B01E962B1C86318A00EF38BC /* Sources */,
				B01E962C1C86318A00EF38BC /* Frameworks */,
				B01E962D1C86318A00EF38BC /* Resources */,
			);
			buildRules = (
			);
			dependencies = (
			);
			name = "Project 23";
			productName = "Project 23";
			productReference = B01E962F1C86318A00EF38BC /* Project 23.app */;
			productType = "com.apple.product-type.application";
		};
/* End PBXNativeTarget section */

/* Begin PBXProject section */
		B01E96271C86318900EF38BC /* Project object */ = {
			isa = PBXProject;
			attributes = {
				LastSwiftUpdateCheck = 0720;
				LastUpgradeCheck = 0720;
				ORGANIZATIONNAME = "Daniel Haugstvedt";
				TargetAttributes = {
					B01E962E1C86318A00EF38BC = {
						CreatedOnToolsVersion = 7.2.1;
					};
				};
			};
			buildConfigurationList = B01E962A1C86318900EF38BC /* Build configuration list for PBXProject "Project 23" */;
			compatibilityVersion = "Xcode 3.2";
			developmentRegion = English;
			hasScannedForEncodings = 0;
			knownRegions = (
				en,
				Base,
			);
			mainGroup = B01E96261C86318900EF38BC;
			productRefGroup = B01E96301C86318A00EF38BC /* Products */;
			projectDirPath = "";
			projectRoot = "";
			targets = (
				B01E962E1C86318A00EF38BC /* Project 23 */,
			);
		};
/* End PBXProject section */

/* Begin PBXResourcesBuildPhase section */
		B01E962D1C86318A00EF38BC /* Resources */ = {
			isa = PBXResourcesBuildPhase;
			buildActionMask = 2147483647;
			files = (
				B01E96601C8631CC00EF38BC /* tv@2x.png in Resources */,
				B01E965E1C8631CC00EF38BC /* Starfield.sks in Resources */,
				B01E96351C86318A00EF38BC /* GameScene.sks in Resources */,
				B01E965B1C8631CC00EF38BC /* player.png in Resources */,
				B01E96571C8631CC00EF38BC /* bigSpark.png in Resources */,
				B01E96561C8631CC00EF38BC /* ball@2x.png in Resources */,
				B01E965F1C8631CC00EF38BC /* tv.png in Resources */,
				B01E96551C8631CC00EF38BC /* ball.png in Resources */,
				B01E965D1C8631CC00EF38BC /* spark.png in Resources */,
				B01E965A1C8631CC00EF38BC /* hammer@2x.png in Resources */,
				B01E96591C8631CC00EF38BC /* hammer.png in Resources */,
				B01E965C1C8631CC00EF38BC /* player@2x.png in Resources */,
				B01E96411C86318A00EF38BC /* LaunchScreen.storyboard in Resources */,
				B01E96581C8631CC00EF38BC /* explosion.sks in Resources */,
				B01E963E1C86318A00EF38BC /* Assets.xcassets in Resources */,
				B01E963C1C86318A00EF38BC /* Main.storyboard in Resources */,
			);
			runOnlyForDeploymentPostprocessing = 0;
		};
/* End PBXResourcesBuildPhase section */

/* Begin PBXSourcesBuildPhase section */
		B01E962B1C86318A00EF38BC /* Sources */ = {
			isa = PBXSourcesBuildPhase;
			buildActionMask = 2147483647;
			files = (
				B01E96371C86318A00EF38BC /* GameScene.swift in Sources */,
				B01E96391C86318A00EF38BC /* GameViewController.swift in Sources */,
				B01E96331C86318A00EF38BC /* AppDelegate.swift in Sources */,
			);
			runOnlyForDeploymentPostprocessing = 0;
		};
/* End PBXSourcesBuildPhase section */

/* Begin PBXVariantGroup section */
		B01E963A1C86318A00EF38BC /* Main.storyboard */ = {
			isa = PBXVariantGroup;
			children = (
				B01E963B1C86318A00EF38BC /* Base */,
			);
			name = Main.storyboard;
			sourceTree = "<group>";
		};
		B01E963F1C86318A00EF38BC /* LaunchScreen.storyboard */ = {
			isa = PBXVariantGroup;
			children = (
				B01E96401C86318A00EF38BC /* Base */,
			);
			name = LaunchScreen.storyboard;
			sourceTree = "<group>";
		};
/* End PBXVariantGroup section */

/* Begin XCBuildConfiguration section */
		B01E96431C86318A00EF38BC /* Debug */ = {
			isa = XCBuildConfiguration;
			buildSettings = {
				ALWAYS_SEARCH_USER_PATHS = NO;
				CLANG_CXX_LANGUAGE_STANDARD = "gnu++0x";
				CLANG_CXX_LIBRARY = "libc++";
				CLANG_ENABLE_MODULES = YES;
				CLANG_ENABLE_OBJC_ARC = YES;
				CLANG_WARN_BOOL_CONVERSION = YES;
				CLANG_WARN_CONSTANT_CONVERSION = YES;
				CLANG_WARN_DIRECT_OBJC_ISA_USAGE = YES_ERROR;
				CLANG_WARN_EMPTY_BODY = YES;
				CLANG_WARN_ENUM_CONVERSION = YES;
				CLANG_WARN_INT_CONVERSION = YES;
				CLANG_WARN_OBJC_ROOT_CLASS = YES_ERROR;
				CLANG_WARN_UNREACHABLE_CODE = YES;
				CLANG_WARN__DUPLICATE_METHOD_MATCH = YES;
				"CODE_SIGN_IDENTITY[sdk=iphoneos*]" = "iPhone Developer";
				COPY_PHASE_STRIP = NO;
				DEBUG_INFORMATION_FORMAT = "dwarf-with-dsym";
				ENABLE_STRICT_OBJC_MSGSEND = YES;
				ENABLE_TESTABILITY = YES;
				GCC_C_LANGUAGE_STANDARD = gnu99;
				GCC_DYNAMIC_NO_PIC = NO;
				GCC_NO_COMMON_BLOCKS = YES;
				GCC_OPTIMIZATION_LEVEL = 0;
				GCC_PREPROCESSOR_DEFINITIONS = (
					"DEBUG=1",
					"$(inherited)",
				);
				GCC_WARN_64_TO_32_BIT_CONVERSION = YES;
				GCC_WARN_ABOUT_RETURN_TYPE = YES_ERROR;
				GCC_WARN_UNDECLARED_SELECTOR = YES;
				GCC_WARN_UNINITIALIZED_AUTOS = YES_AGGRESSIVE;
				GCC_WARN_UNUSED_FUNCTION = YES;
				GCC_WARN_UNUSED_VARIABLE = YES;
				IPHONEOS_DEPLOYMENT_TARGET = 9.2;
				MTL_ENABLE_DEBUG_INFO = YES;
				ONLY_ACTIVE_ARCH = YES;
				SDKROOT = iphoneos;
				SWIFT_OPTIMIZATION_LEVEL = "-Onone";
				TARGETED_DEVICE_FAMILY = 2;
			};
			name = Debug;
		};
		B01E96441C86318A00EF38BC /* Release */ = {
			isa = XCBuildConfiguration;
			buildSettings = {
				ALWAYS_SEARCH_USER_PATHS = NO;
				CLANG_CXX_LANGUAGE_STANDARD = "gnu++0x";
				CLANG_CXX_LIBRARY = "libc++";
				CLANG_ENABLE_MODULES = YES;
				CLANG_ENABLE_OBJC_ARC = YES;
				CLANG_WARN_BOOL_CONVERSION = YES;
				CLANG_WARN_CONSTANT_CONVERSION = YES;
				CLANG_WARN_DIRECT_OBJC_ISA_USAGE = YES_ERROR;
				CLANG_WARN_EMPTY_BODY = YES;
				CLANG_WARN_ENUM_CONVERSION = YES;
				CLANG_WARN_INT_CONVERSION = YES;
				CLANG_WARN_OBJC_ROOT_CLASS = YES_ERROR;
				CLANG_WARN_UNREACHABLE_CODE = YES;
				CLANG_WARN__DUPLICATE_METHOD_MATCH = YES;
				"CODE_SIGN_IDENTITY[sdk=iphoneos*]" = "iPhone Developer";
				COPY_PHASE_STRIP = NO;
				DEBUG_INFORMATION_FORMAT = "dwarf-with-dsym";
				ENABLE_NS_ASSERTIONS = NO;
				ENABLE_STRICT_OBJC_MSGSEND = YES;
				GCC_C_LANGUAGE_STANDARD = gnu99;
				GCC_NO_COMMON_BLOCKS = YES;
				GCC_WARN_64_TO_32_BIT_CONVERSION = YES;
				GCC_WARN_ABOUT_RETURN_TYPE = YES_ERROR;
				GCC_WARN_UNDECLARED_SELECTOR = YES;
				GCC_WARN_UNINITIALIZED_AUTOS = YES_AGGRESSIVE;
				GCC_WARN_UNUSED_FUNCTION = YES;
				GCC_WARN_UNUSED_VARIABLE = YES;
				IPHONEOS_DEPLOYMENT_TARGET = 9.2;
				MTL_ENABLE_DEBUG_INFO = NO;
				SDKROOT = iphoneos;
				TARGETED_DEVICE_FAMILY = 2;
				VALIDATE_PRODUCT = YES;
			};
			name = Release;
		};
		B01E96461C86318A00EF38BC /* Debug */ = {
			isa = XCBuildConfiguration;
			buildSettings = {
				ASSETCATALOG_COMPILER_APPICON_NAME = AppIcon;
				INFOPLIST_FILE = "Project 23/Info.plist";
				LD_RUNPATH_SEARCH_PATHS = "$(inherited) @executable_path/Frameworks";
				PRODUCT_BUNDLE_IDENTIFIER = "some.random.identifier.Project-23";
				PRODUCT_NAME = "$(TARGET_NAME)";
			};
			name = Debug;
		};
		B01E96471C86318A00EF38BC /* Release */ = {
			isa = XCBuildConfiguration;
			buildSettings = {
				ASSETCATALOG_COMPILER_APPICON_NAME = AppIcon;
				INFOPLIST_FILE = "Project 23/Info.plist";
				LD_RUNPATH_SEARCH_PATHS = "$(inherited) @executable_path/Frameworks";
				PRODUCT_BUNDLE_IDENTIFIER = "some.random.identifier.Project-23";
				PRODUCT_NAME = "$(TARGET_NAME)";
			};
			name = Release;
		};
/* End XCBuildConfiguration section */

/* Begin XCConfigurationList section */
		B01E962A1C86318900EF38BC /* Build configuration list for PBXProject "Project 23" */ = {
			isa = XCConfigurationList;
			buildConfigurations = (
				B01E96431C86318A00EF38BC /* Debug */,
				B01E96441C86318A00EF38BC /* Release */,
			);
			defaultConfigurationIsVisible = 0;
			defaultConfigurationName = Release;
		};
		B01E96451C86318A00EF38BC /* Build configuration list for PBXNativeTarget "Project 23" */ = {
			isa = XCConfigurationList;
			buildConfigurations = (
				B01E96461C86318A00EF38BC /* Debug */,
				B01E96471C86318A00EF38BC /* Release */,
			);
			defaultConfigurationIsVisible = 0;
		};
/* End XCConfigurationList section */
	};
	rootObject = B01E96271C86318900EF38BC /* Project object */;
}
